
Microsoft Visual Studio Solution File, Format Version 12.00
# Visual Studio Version 17
VisualStudioVersion = 17.13.35931.197 d17.13
MinimumVisualStudioVersion = 10.0.40219.1
Project("{FAE04EC0-301F-11D3-BF4B-00C04F79EFBC}") = "Agri-Energy Connect Platform", "Agri-Energy Connect Platform\Agri-Energy Connect Platform.csproj", "{BC8A1A68-A3AA-421C-A084-4941A0CEF2F6}"
EndProject
Global
	GlobalSection(SolutionConfigurationPlatforms) = preSolution
		Debug|Any CPU = Debug|Any CPU
		Release|Any CPU = Release|Any CPU
	EndGlobalSection
	GlobalSection(ProjectConfigurationPlatforms) = postSolution
		{BC8A1A68-A3AA-421C-A084-4941A0CEF2F6}.Debug|Any CPU.ActiveCfg = Debug|Any CPU
		{BC8A1A68-A3AA-421C-A084-4941A0CEF2F6}.Debug|Any CPU.Build.0 = Debug|Any CPU
		{BC8A1A68-A3AA-421C-A084-4941A0CEF2F6}.Release|Any CPU.ActiveCfg = Release|Any CPU
		{BC8A1A68-A3AA-421C-A084-4941A0CEF2F6}.Release|Any CPU.Build.0 = Release|Any CPU
	EndGlobalSection
	GlobalSection(SolutionProperties) = preSolution
		HideSolutionNode = FALSE
	EndGlobalSection
	GlobalSection(ExtensibilityGlobals) = postSolution
		SolutionGuid = {DBDD24BB-A190-4C54-9481-DB691A15AA22}
	EndGlobalSection
EndGlobal
